
Microsoft Visual Studio Solution File, Format Version 12.00
# Visual Studio 15
Project("{FAE04EC0-301F-11D3-BF4B-00C04F79EFBC}") = "VuforiaScripts", "VuforiaScripts.csproj", "{3D22AEF7-C580-D7CA-FAEC-6E8C76916E68}"
EndProject
Project("{FAE04EC0-301F-11D3-BF4B-00C04F79EFBC}") = "Assembly-CSharp", "Assembly-CSharp.csproj", "{5BDD0703-29EE-88F7-5AB3-ECA05E1C5316}"
EndProject
Project("{FAE04EC0-301F-11D3-BF4B-00C04F79EFBC}") = "VuforiaEditorScripts", "VuforiaEditorScripts.csproj", "{571730D1-4F28-5C8B-8E74-764ED137B0CF}"
EndProject
Global
	GlobalSection(SolutionConfigurationPlatforms) = preSolution
		Debug|Any CPU = Debug|Any CPU
		Release|Any CPU = Release|Any CPU
	EndGlobalSection
	GlobalSection(ProjectConfigurationPlatforms) = postSolution
		{3D22AEF7-C580-D7CA-FAEC-6E8C76916E68}.Debug|Any CPU.ActiveCfg = Debug|Any CPU
		{3D22AEF7-C580-D7CA-FAEC-6E8C76916E68}.Debug|Any CPU.Build.0 = Debug|Any CPU
		{3D22AEF7-C580-D7CA-FAEC-6E8C76916E68}.Release|Any CPU.ActiveCfg = Release|Any CPU
		{3D22AEF7-C580-D7CA-FAEC-6E8C76916E68}.Release|Any CPU.Build.0 = Release|Any CPU
		{5BDD0703-29EE-88F7-5AB3-ECA05E1C5316}.Debug|Any CPU.ActiveCfg = Debug|Any CPU
		{5BDD0703-29EE-88F7-5AB3-ECA05E1C5316}.Debug|Any CPU.Build.0 = Debug|Any CPU
		{5BDD0703-29EE-88F7-5AB3-ECA05E1C5316}.Release|Any CPU.ActiveCfg = Release|Any CPU
		{5BDD0703-29EE-88F7-5AB3-ECA05E1C5316}.Release|Any CPU.Build.0 = Release|Any CPU
		{571730D1-4F28-5C8B-8E74-764ED137B0CF}.Debug|Any CPU.ActiveCfg = Debug|Any CPU
		{571730D1-4F28-5C8B-8E74-764ED137B0CF}.Debug|Any CPU.Build.0 = Debug|Any CPU
		{571730D1-4F28-5C8B-8E74-764ED137B0CF}.Release|Any CPU.ActiveCfg = Release|Any CPU
		{571730D1-4F28-5C8B-8E74-764ED137B0CF}.Release|Any CPU.Build.0 = Release|Any CPU
	EndGlobalSection
	GlobalSection(SolutionProperties) = preSolution
		HideSolutionNode = FALSE
	EndGlobalSection
EndGlobal
